
Microsoft Visual Studio Solution File, Format Version 12.00
# Visual Studio Version 16
VisualStudioVersion = 16.0.30503.244
MinimumVisualStudioVersion = 10.0.40219.1
Project("{FAE04EC0-301F-11D3-BF4B-00C04F79EFBC}") = "Proyecto.Consola", "Proyecto.Consola\Proyecto.Consola.csproj", "{0E647484-75B2-4C48-BA70-E33F5F2B254A}"
EndProject
Project("{FAE04EC0-301F-11D3-BF4B-00C04F79EFBC}") = "Proyecto.Libreria.Clase", "Proyecto.Libreria.Clase\Proyecto.Libreria.Clase.csproj", "{F7E14A32-C8FF-4D8D-AEFF-2E47258DDD9C}"
EndProject
Project("{FAE04EC0-301F-11D3-BF4B-00C04F79EFBC}") = "Libreria.Consola", "Libreria.Consola\Libreria.Consola.csproj", "{C7792A43-1D24-4ABB-BA22-0CD9F98C5AA2}"
EndProject
Global
	GlobalSection(SolutionConfigurationPlatforms) = preSolution
		Debug|Any CPU = Debug|Any CPU
		Release|Any CPU = Release|Any CPU
	EndGlobalSection
	GlobalSection(ProjectConfigurationPlatforms) = postSolution
		{0E647484-75B2-4C48-BA70-E33F5F2B254A}.Debug|Any CPU.ActiveCfg = Debug|Any CPU
		{0E647484-75B2-4C48-BA70-E33F5F2B254A}.Debug|Any CPU.Build.0 = Debug|Any CPU
		{0E647484-75B2-4C48-BA70-E33F5F2B254A}.Release|Any CPU.ActiveCfg = Release|Any CPU
		{0E647484-75B2-4C48-BA70-E33F5F2B254A}.Release|Any CPU.Build.0 = Release|Any CPU
		{F7E14A32-C8FF-4D8D-AEFF-2E47258DDD9C}.Debug|Any CPU.ActiveCfg = Debug|Any CPU
		{F7E14A32-C8FF-4D8D-AEFF-2E47258DDD9C}.Debug|Any CPU.Build.0 = Debug|Any CPU
		{F7E14A32-C8FF-4D8D-AEFF-2E47258DDD9C}.Release|Any CPU.ActiveCfg = Release|Any CPU
		{F7E14A32-C8FF-4D8D-AEFF-2E47258DDD9C}.Release|Any CPU.Build.0 = Release|Any CPU
		{C7792A43-1D24-4ABB-BA22-0CD9F98C5AA2}.Debug|Any CPU.ActiveCfg = Debug|Any CPU
		{C7792A43-1D24-4ABB-BA22-0CD9F98C5AA2}.Debug|Any CPU.Build.0 = Debug|Any CPU
		{C7792A43-1D24-4ABB-BA22-0CD9F98C5AA2}.Release|Any CPU.ActiveCfg = Release|Any CPU
		{C7792A43-1D24-4ABB-BA22-0CD9F98C5AA2}.Release|Any CPU.Build.0 = Release|Any CPU
	EndGlobalSection
	GlobalSection(SolutionProperties) = preSolution
		HideSolutionNode = FALSE
	EndGlobalSection
	GlobalSection(ExtensibilityGlobals) = postSolution
		SolutionGuid = {400D9501-672B-4F45-B046-550F35C30E01}
	EndGlobalSection
EndGlobal
